
Microsoft Visual Studio Solution File, Format Version 12.00
# Visual Studio 15
VisualStudioVersion = 15.0.28307.489
MinimumVisualStudioVersion = 10.0.40219.1
Project("{FAE04EC0-301F-11D3-BF4B-00C04F79EFBC}") = "SQLiteExplorer", "SQLiteExplorer\SQLiteExplorer.csproj", "{41AB6508-A430-4014-A9B4-CFE827F39915}"
EndProject
Global
	GlobalSection(SolutionConfigurationPlatforms) = preSolution
		Debug|Any CPU = Debug|Any CPU
		Release|Any CPU = Release|Any CPU
	EndGlobalSection
	GlobalSection(ProjectConfigurationPlatforms) = postSolution
		{41AB6508-A430-4014-A9B4-CFE827F39915}.Debug|Any CPU.ActiveCfg = Debug|Any CPU
		{41AB6508-A430-4014-A9B4-CFE827F39915}.Debug|Any CPU.Build.0 = Debug|Any CPU
		{41AB6508-A430-4014-A9B4-CFE827F39915}.Release|Any CPU.ActiveCfg = Release|Any CPU
		{41AB6508-A430-4014-A9B4-CFE827F39915}.Release|Any CPU.Build.0 = Release|Any CPU
	EndGlobalSection
	GlobalSection(SolutionProperties) = preSolution
		HideSolutionNode = FALSE
	EndGlobalSection
	GlobalSection(ExtensibilityGlobals) = postSolution
		SolutionGuid = {484F99DB-EBB1-4FF8-A85B-F5EDFC5256BF}
	EndGlobalSection
EndGlobal
